
Microsoft Visual Studio Solution File, Format Version 12.00
# Visual Studio Version 16
VisualStudioVersion = 16.0.29911.84
MinimumVisualStudioVersion = 10.0.40219.1
Project("{FAE04EC0-301F-11D3-BF4B-00C04F79EFBC}") = "Çekiliş Uygulaması", "Çekiliş Uygulaması\Çekiliş Uygulaması.csproj", "{714420D8-87FE-45F6-B986-0D751C5727D5}"
EndProject
Global
	GlobalSection(SolutionConfigurationPlatforms) = preSolution
		Debug|Any CPU = Debug|Any CPU
		Release|Any CPU = Release|Any CPU
	EndGlobalSection
	GlobalSection(ProjectConfigurationPlatforms) = postSolution
		{714420D8-87FE-45F6-B986-0D751C5727D5}.Debug|Any CPU.ActiveCfg = Debug|Any CPU
		{714420D8-87FE-45F6-B986-0D751C5727D5}.Debug|Any CPU.Build.0 = Debug|Any CPU
		{714420D8-87FE-45F6-B986-0D751C5727D5}.Release|Any CPU.ActiveCfg = Release|Any CPU
		{714420D8-87FE-45F6-B986-0D751C5727D5}.Release|Any CPU.Build.0 = Release|Any CPU
	EndGlobalSection
	GlobalSection(SolutionProperties) = preSolution
		HideSolutionNode = FALSE
	EndGlobalSection
	GlobalSection(ExtensibilityGlobals) = postSolution
		SolutionGuid = {BAA735C8-92D3-44C0-9F5A-8EAA81E54209}
	EndGlobalSection
EndGlobal
